
Microsoft Visual Studio Solution File, Format Version 12.00
# Visual Studio Version 17
VisualStudioVersion = 17.3.32819.101
MinimumVisualStudioVersion = 10.0.40219.1
Project("{FAE04EC0-301F-11D3-BF4B-00C04F79EFBC}") = "Store", "Store\Store.csproj", "{25A56A45-14E4-4279-A786-3C909E9D9236}"
EndProject
Global
	GlobalSection(SolutionConfigurationPlatforms) = preSolution
		Debug|Any CPU = Debug|Any CPU
		Release|Any CPU = Release|Any CPU
	EndGlobalSection
	GlobalSection(ProjectConfigurationPlatforms) = postSolution
		{25A56A45-14E4-4279-A786-3C909E9D9236}.Debug|Any CPU.ActiveCfg = Debug|Any CPU
		{25A56A45-14E4-4279-A786-3C909E9D9236}.Debug|Any CPU.Build.0 = Debug|Any CPU
		{25A56A45-14E4-4279-A786-3C909E9D9236}.Release|Any CPU.ActiveCfg = Release|Any CPU
		{25A56A45-14E4-4279-A786-3C909E9D9236}.Release|Any CPU.Build.0 = Release|Any CPU
	EndGlobalSection
	GlobalSection(SolutionProperties) = preSolution
		HideSolutionNode = FALSE
	EndGlobalSection
	GlobalSection(ExtensibilityGlobals) = postSolution
		SolutionGuid = {A8ECDB75-1374-422B-A7BE-06FE27B180B4}
	EndGlobalSection
EndGlobal
